
Microsoft Visual Studio Solution File, Format Version 12.00
# Visual Studio Version 16
VisualStudioVersion = 16.0.31112.23
MinimumVisualStudioVersion = 10.0.40219.1
Project("{FAE04EC0-301F-11D3-BF4B-00C04F79EFBC}") = "MinhaDemoMVC", "MinhaDemoMVC\MinhaDemoMVC.csproj", "{B575A75C-B7C9-4B42-9602-F86072D04DA1}"
EndProject
Global
	GlobalSection(SolutionConfigurationPlatforms) = preSolution
		Debug|Any CPU = Debug|Any CPU
		Release|Any CPU = Release|Any CPU
	EndGlobalSection
	GlobalSection(ProjectConfigurationPlatforms) = postSolution
		{B575A75C-B7C9-4B42-9602-F86072D04DA1}.Debug|Any CPU.ActiveCfg = Debug|Any CPU
		{B575A75C-B7C9-4B42-9602-F86072D04DA1}.Debug|Any CPU.Build.0 = Debug|Any CPU
		{B575A75C-B7C9-4B42-9602-F86072D04DA1}.Release|Any CPU.ActiveCfg = Release|Any CPU
		{B575A75C-B7C9-4B42-9602-F86072D04DA1}.Release|Any CPU.Build.0 = Release|Any CPU
	EndGlobalSection
	GlobalSection(SolutionProperties) = preSolution
		HideSolutionNode = FALSE
	EndGlobalSection
	GlobalSection(ExtensibilityGlobals) = postSolution
		SolutionGuid = {CAF9B2E5-D5DA-4B8E-8060-617B59E8A507}
	EndGlobalSection
EndGlobal
